// !$*UTF8*$!
{
	archiveVersion = 1;
	classes = {
	};
	objectVersion = 50;
	objects = {

/* Begin PBXBuildFile section */
		D2805E96230D93EF00EE373E /* TaxesCalculator.swift in Sources */ = {isa = PBXBuildFile; fileRef = D2805E95230D93EF00EE373E /* TaxesCalculator.swift */; };
		D2805E99230D99E300EE373E /* ExtensionUIViewController.swift in Sources */ = {isa = PBXBuildFile; fileRef = D2805E98230D99E300EE373E /* ExtensionUIViewController.swift */; };
		D283DF4A2304B876001299D7 /* MainRouterProtocol.swift in Sources */ = {isa = PBXBuildFile; fileRef = D283DF492304B876001299D7 /* MainRouterProtocol.swift */; };
		D283DF4D2304B95B001299D7 /* MainRouter.swift in Sources */ = {isa = PBXBuildFile; fileRef = D283DF4C2304B95B001299D7 /* MainRouter.swift */; };
		D283DF502304BCAF001299D7 /* BuyViewController.swift in Sources */ = {isa = PBXBuildFile; fileRef = D283DF4E2304BCAF001299D7 /* BuyViewController.swift */; };
		D283DF512304BCAF001299D7 /* BuyViewController.xib in Resources */ = {isa = PBXBuildFile; fileRef = D283DF4F2304BCAF001299D7 /* BuyViewController.xib */; };
		D283DF542304BCD4001299D7 /* SettingsViewController.swift in Sources */ = {isa = PBXBuildFile; fileRef = D283DF522304BCD4001299D7 /* SettingsViewController.swift */; };
		D283DF552304BCD4001299D7 /* SettingsViewController.xib in Resources */ = {isa = PBXBuildFile; fileRef = D283DF532304BCD4001299D7 /* SettingsViewController.xib */; };
		D283DF582304BD18001299D7 /* TaxesViewController.swift in Sources */ = {isa = PBXBuildFile; fileRef = D283DF562304BD18001299D7 /* TaxesViewController.swift */; };
		D283DF592304BD18001299D7 /* TaxesViewController.xib in Resources */ = {isa = PBXBuildFile; fileRef = D283DF572304BD18001299D7 /* TaxesViewController.xib */; };
		D28F4C61230483FF0026BE05 /* AppDelegate.swift in Sources */ = {isa = PBXBuildFile; fileRef = D28F4C60230483FF0026BE05 /* AppDelegate.swift */; };
		D28F4C63230483FF0026BE05 /* ViewController.swift in Sources */ = {isa = PBXBuildFile; fileRef = D28F4C62230483FF0026BE05 /* ViewController.swift */; };
		D28F4C66230483FF0026BE05 /* Main.storyboard in Resources */ = {isa = PBXBuildFile; fileRef = D28F4C64230483FF0026BE05 /* Main.storyboard */; };
		D28F4C68230484050026BE05 /* Assets.xcassets in Resources */ = {isa = PBXBuildFile; fileRef = D28F4C67230484050026BE05 /* Assets.xcassets */; };
		D28F4C6B230484050026BE05 /* LaunchScreen.storyboard in Resources */ = {isa = PBXBuildFile; fileRef = D28F4C69230484050026BE05 /* LaunchScreen.storyboard */; };
		D28F4C76230484060026BE05 /* ComprasUSATests.swift in Sources */ = {isa = PBXBuildFile; fileRef = D28F4C75230484060026BE05 /* ComprasUSATests.swift */; };
		D28F4C81230484060026BE05 /* ComprasUSAUITests.swift in Sources */ = {isa = PBXBuildFile; fileRef = D28F4C80230484060026BE05 /* ComprasUSAUITests.swift */; };
/* End PBXBuildFile section */

/* Begin PBXContainerItemProxy section */
		D28F4C72230484060026BE05 /* PBXContainerItemProxy */ = {
			isa = PBXContainerItemProxy;
			containerPortal = D28F4C55230483FF0026BE05 /* Project object */;
			proxyType = 1;
			remoteGlobalIDString = D28F4C5C230483FF0026BE05;
			remoteInfo = ComprasUSA;
		};
		D28F4C7D230484060026BE05 /* PBXContainerItemProxy */ = {
			isa = PBXContainerItemProxy;
			containerPortal = D28F4C55230483FF0026BE05 /* Project object */;
			proxyType = 1;
			remoteGlobalIDString = D28F4C5C230483FF0026BE05;
			remoteInfo = ComprasUSA;
		};
/* End PBXContainerItemProxy section */

/* Begin PBXFileReference section */
		D2805E95230D93EF00EE373E /* TaxesCalculator.swift */ = {isa = PBXFileReference; lastKnownFileType = sourcecode.swift; path = TaxesCalculator.swift; sourceTree = "<group>"; };
		D2805E98230D99E300EE373E /* ExtensionUIViewController.swift */ = {isa = PBXFileReference; lastKnownFileType = sourcecode.swift; path = ExtensionUIViewController.swift; sourceTree = "<group>"; };
		D283DF492304B876001299D7 /* MainRouterProtocol.swift */ = {isa = PBXFileReference; lastKnownFileType = sourcecode.swift; path = MainRouterProtocol.swift; sourceTree = "<group>"; };
		D283DF4C2304B95B001299D7 /* MainRouter.swift */ = {isa = PBXFileReference; lastKnownFileType = sourcecode.swift; path = MainRouter.swift; sourceTree = "<group>"; };
		D283DF4E2304BCAF001299D7 /* BuyViewController.swift */ = {isa = PBXFileReference; lastKnownFileType = sourcecode.swift; path = BuyViewController.swift; sourceTree = "<group>"; };
		D283DF4F2304BCAF001299D7 /* BuyViewController.xib */ = {isa = PBXFileReference; lastKnownFileType = file.xib; path = BuyViewController.xib; sourceTree = "<group>"; };
		D283DF522304BCD4001299D7 /* SettingsViewController.swift */ = {isa = PBXFileReference; lastKnownFileType = sourcecode.swift; path = SettingsViewController.swift; sourceTree = "<group>"; };
		D283DF532304BCD4001299D7 /* SettingsViewController.xib */ = {isa = PBXFileReference; lastKnownFileType = file.xib; path = SettingsViewController.xib; sourceTree = "<group>"; };
		D283DF562304BD18001299D7 /* TaxesViewController.swift */ = {isa = PBXFileReference; lastKnownFileType = sourcecode.swift; path = TaxesViewController.swift; sourceTree = "<group>"; };
		D283DF572304BD18001299D7 /* TaxesViewController.xib */ = {isa = PBXFileReference; lastKnownFileType = file.xib; path = TaxesViewController.xib; sourceTree = "<group>"; };
		D28F4C5D230483FF0026BE05 /* ComprasUSA.app */ = {isa = PBXFileReference; explicitFileType = wrapper.application; includeInIndex = 0; path = ComprasUSA.app; sourceTree = BUILT_PRODUCTS_DIR; };
		D28F4C60230483FF0026BE05 /* AppDelegate.swift */ = {isa = PBXFileReference; lastKnownFileType = sourcecode.swift; path = AppDelegate.swift; sourceTree = "<group>"; };
		D28F4C62230483FF0026BE05 /* ViewController.swift */ = {isa = PBXFileReference; lastKnownFileType = sourcecode.swift; path = ViewController.swift; sourceTree = "<group>"; };
		D28F4C65230483FF0026BE05 /* Base */ = {isa = PBXFileReference; lastKnownFileType = file.storyboard; name = Base; path = Base.lproj/Main.storyboard; sourceTree = "<group>"; };
		D28F4C67230484050026BE05 /* Assets.xcassets */ = {isa = PBXFileReference; lastKnownFileType = folder.assetcatalog; path = Assets.xcassets; sourceTree = "<group>"; };
		D28F4C6A230484050026BE05 /* Base */ = {isa = PBXFileReference; lastKnownFileType = file.storyboard; name = Base; path = Base.lproj/LaunchScreen.storyboard; sourceTree = "<group>"; };
		D28F4C6C230484050026BE05 /* Info.plist */ = {isa = PBXFileReference; lastKnownFileType = text.plist.xml; path = Info.plist; sourceTree = "<group>"; };
		D28F4C71230484060026BE05 /* ComprasUSATests.xctest */ = {isa = PBXFileReference; explicitFileType = wrapper.cfbundle; includeInIndex = 0; path = ComprasUSATests.xctest; sourceTree = BUILT_PRODUCTS_DIR; };
		D28F4C75230484060026BE05 /* ComprasUSATests.swift */ = {isa = PBXFileReference; lastKnownFileType = sourcecode.swift; path = ComprasUSATests.swift; sourceTree = "<group>"; };
		D28F4C77230484060026BE05 /* Info.plist */ = {isa = PBXFileReference; lastKnownFileType = text.plist.xml; path = Info.plist; sourceTree = "<group>"; };
		D28F4C7C230484060026BE05 /* ComprasUSAUITests.xctest */ = {isa = PBXFileReference; explicitFileType = wrapper.cfbundle; includeInIndex = 0; path = ComprasUSAUITests.xctest; sourceTree = BUILT_PRODUCTS_DIR; };
		D28F4C80230484060026BE05 /* ComprasUSAUITests.swift */ = {isa = PBXFileReference; lastKnownFileType = sourcecode.swift; path = ComprasUSAUITests.swift; sourceTree = "<group>"; };
		D28F4C82230484060026BE05 /* Info.plist */ = {isa = PBXFileReference; lastKnownFileType = text.plist.xml; path = Info.plist; sourceTree = "<group>"; };
/* End PBXFileReference section */

/* Begin PBXFrameworksBuildPhase section */
		D28F4C5A230483FF0026BE05 /* Frameworks */ = {
			isa = PBXFrameworksBuildPhase;
			buildActionMask = 2147483647;
			files = (
			);
			runOnlyForDeploymentPostprocessing = 0;
		};
		D28F4C6E230484060026BE05 /* Frameworks */ = {
			isa = PBXFrameworksBuildPhase;
			buildActionMask = 2147483647;
			files = (
			);
			runOnlyForDeploymentPostprocessing = 0;
		};
		D28F4C79230484060026BE05 /* Frameworks */ = {
			isa = PBXFrameworksBuildPhase;
			buildActionMask = 2147483647;
			files = (
			);
			runOnlyForDeploymentPostprocessing = 0;
		};
/* End PBXFrameworksBuildPhase section */

/* Begin PBXGroup section */
		D2805E94230D93CC00EE373E /* Models */ = {
			isa = PBXGroup;
			children = (
				D2805E95230D93EF00EE373E /* TaxesCalculator.swift */,
			);
			path = Models;
			sourceTree = "<group>";
		};
		D2805E97230D99BF00EE373E /* Extensions */ = {
			isa = PBXGroup;
			children = (
				D2805E98230D99E300EE373E /* ExtensionUIViewController.swift */,
			);
			path = Extensions;
			sourceTree = "<group>";
		};
		D283DF472304B83B001299D7 /* Core */ = {
			isa = PBXGroup;
			children = (
				D2805E97230D99BF00EE373E /* Extensions */,
				D2805E94230D93CC00EE373E /* Models */,
				D283DF482304B858001299D7 /* Routers */,
			);
			path = Core;
			sourceTree = "<group>";
		};
		D283DF482304B858001299D7 /* Routers */ = {
			isa = PBXGroup;
			children = (
				D283DF492304B876001299D7 /* MainRouterProtocol.swift */,
			);
			path = Routers;
			sourceTree = "<group>";
		};
		D283DF4B2304B8FE001299D7 /* Routers */ = {
			isa = PBXGroup;
			children = (
				D283DF4C2304B95B001299D7 /* MainRouter.swift */,
			);
			path = Routers;
			sourceTree = "<group>";
		};
		D28F4C54230483FF0026BE05 = {
			isa = PBXGroup;
			children = (
				D28F4C5F230483FF0026BE05 /* ComprasUSA */,
				D283DF472304B83B001299D7 /* Core */,
				D28F4C74230484060026BE05 /* ComprasUSATests */,
				D28F4C7F230484060026BE05 /* ComprasUSAUITests */,
				D28F4C5E230483FF0026BE05 /* Products */,
			);
			sourceTree = "<group>";
		};
		D28F4C5E230483FF0026BE05 /* Products */ = {
			isa = PBXGroup;
			children = (
				D28F4C5D230483FF0026BE05 /* ComprasUSA.app */,
				D28F4C71230484060026BE05 /* ComprasUSATests.xctest */,
				D28F4C7C230484060026BE05 /* ComprasUSAUITests.xctest */,
			);
			name = Products;
			sourceTree = "<group>";
		};
		D28F4C5F230483FF0026BE05 /* ComprasUSA */ = {
			isa = PBXGroup;
			children = (
				D28F4C902304844A0026BE05 /* BaseApp */,
				D28F4C8F2304842D0026BE05 /* ViewsControllers */,
				D28F4C8E2304841D0026BE05 /* Views */,
				D283DF4B2304B8FE001299D7 /* Routers */,
				D28F4C6C230484050026BE05 /* Info.plist */,
			);
			path = ComprasUSA;
			sourceTree = "<group>";
		};
		D28F4C74230484060026BE05 /* ComprasUSATests */ = {
			isa = PBXGroup;
			children = (
				D28F4C75230484060026BE05 /* ComprasUSATests.swift */,
				D28F4C77230484060026BE05 /* Info.plist */,
			);
			path = ComprasUSATests;
			sourceTree = "<group>";
		};
		D28F4C7F230484060026BE05 /* ComprasUSAUITests */ = {
			isa = PBXGroup;
			children = (
				D28F4C80230484060026BE05 /* ComprasUSAUITests.swift */,
				D28F4C82230484060026BE05 /* Info.plist */,
			);
			path = ComprasUSAUITests;
			sourceTree = "<group>";
		};
		D28F4C8E2304841D0026BE05 /* Views */ = {
			isa = PBXGroup;
			children = (
				D283DF4F2304BCAF001299D7 /* BuyViewController.xib */,
				D283DF532304BCD4001299D7 /* SettingsViewController.xib */,
				D283DF572304BD18001299D7 /* TaxesViewController.xib */,
			);
			path = Views;
			sourceTree = "<group>";
		};
		D28F4C8F2304842D0026BE05 /* ViewsControllers */ = {
			isa = PBXGroup;
			children = (
				D283DF4E2304BCAF001299D7 /* BuyViewController.swift */,
				D283DF522304BCD4001299D7 /* SettingsViewController.swift */,
				D283DF562304BD18001299D7 /* TaxesViewController.swift */,
			);
			path = ViewsControllers;
			sourceTree = "<group>";
		};
		D28F4C902304844A0026BE05 /* BaseApp */ = {
			isa = PBXGroup;
			children = (
				D28F4C69230484050026BE05 /* LaunchScreen.storyboard */,
				D28F4C64230483FF0026BE05 /* Main.storyboard */,
				D28F4C60230483FF0026BE05 /* AppDelegate.swift */,
				D28F4C67230484050026BE05 /* Assets.xcassets */,
				D28F4C62230483FF0026BE05 /* ViewController.swift */,
			);
			path = BaseApp;
			sourceTree = "<group>";
		};
/* End PBXGroup section */

/* Begin PBXNativeTarget section */
		D28F4C5C230483FF0026BE05 /* ComprasUSA */ = {
			isa = PBXNativeTarget;
			buildConfigurationList = D28F4C85230484060026BE05 /* Build configuration list for PBXNativeTarget "ComprasUSA" */;
			buildPhases = (
				D28F4C59230483FF0026BE05 /* Sources */,
				D28F4C5A230483FF0026BE05 /* Frameworks */,
				D28F4C5B230483FF0026BE05 /* Resources */,
			);
			buildRules = (
			);
			dependencies = (
			);
			name = ComprasUSA;
			productName = ComprasUSA;
			productReference = D28F4C5D230483FF0026BE05 /* ComprasUSA.app */;
			productType = "com.apple.product-type.application";
		};
		D28F4C70230484060026BE05 /* ComprasUSATests */ = {
			isa = PBXNativeTarget;
			buildConfigurationList = D28F4C88230484060026BE05 /* Build configuration list for PBXNativeTarget "ComprasUSATests" */;
			buildPhases = (
				D28F4C6D230484060026BE05 /* Sources */,
				D28F4C6E230484060026BE05 /* Frameworks */,
				D28F4C6F230484060026BE05 /* Resources */,
			);
			buildRules = (
			);
			dependencies = (
				D28F4C73230484060026BE05 /* PBXTargetDependency */,
			);
			name = ComprasUSATests;
			productName = ComprasUSATests;
			productReference = D28F4C71230484060026BE05 /* ComprasUSATests.xctest */;
			productType = "com.apple.product-type.bundle.unit-test";
		};
		D28F4C7B230484060026BE05 /* ComprasUSAUITests */ = {
			isa = PBXNativeTarget;
			buildConfigurationList = D28F4C8B230484060026BE05 /* Build configuration list for PBXNativeTarget "ComprasUSAUITests" */;
			buildPhases = (
				D28F4C78230484060026BE05 /* Sources */,
				D28F4C79230484060026BE05 /* Frameworks */,
				D28F4C7A230484060026BE05 /* Resources */,
			);
			buildRules = (
			);
			dependencies = (
				D28F4C7E230484060026BE05 /* PBXTargetDependency */,
			);
			name = ComprasUSAUITests;
			productName = ComprasUSAUITests;
			productReference = D28F4C7C230484060026BE05 /* ComprasUSAUITests.xctest */;
			productType = "com.apple.product-type.bundle.ui-testing";
		};
/* End PBXNativeTarget section */

/* Begin PBXProject section */
		D28F4C55230483FF0026BE05 /* Project object */ = {
			isa = PBXProject;
			attributes = {
				LastSwiftUpdateCheck = 1000;
				LastUpgradeCheck = 1000;
				ORGANIZATIONNAME = Alessandro;
				TargetAttributes = {
					D28F4C5C230483FF0026BE05 = {
						CreatedOnToolsVersion = 10.0;
					};
					D28F4C70230484060026BE05 = {
						CreatedOnToolsVersion = 10.0;
						TestTargetID = D28F4C5C230483FF0026BE05;
					};
					D28F4C7B230484060026BE05 = {
						CreatedOnToolsVersion = 10.0;
						TestTargetID = D28F4C5C230483FF0026BE05;
					};
				};
			};
			buildConfigurationList = D28F4C58230483FF0026BE05 /* Build configuration list for PBXProject "ComprasUSA" */;
			compatibilityVersion = "Xcode 9.3";
			developmentRegion = en;
			hasScannedForEncodings = 0;
			knownRegions = (
				en,
				Base,
			);
			mainGroup = D28F4C54230483FF0026BE05;
			productRefGroup = D28F4C5E230483FF0026BE05 /* Products */;
			projectDirPath = "";
			projectRoot = "";
			targets = (
				D28F4C5C230483FF0026BE05 /* ComprasUSA */,
				D28F4C70230484060026BE05 /* ComprasUSATests */,
				D28F4C7B230484060026BE05 /* ComprasUSAUITests */,
			);
		};
/* End PBXProject section */

/* Begin PBXResourcesBuildPhase section */
		D28F4C5B230483FF0026BE05 /* Resources */ = {
			isa = PBXResourcesBuildPhase;
			buildActionMask = 2147483647;
			files = (
				D28F4C6B230484050026BE05 /* LaunchScreen.storyboard in Resources */,
				D283DF512304BCAF001299D7 /* BuyViewController.xib in Resources */,
				D28F4C68230484050026BE05 /* Assets.xcassets in Resources */,
				D28F4C66230483FF0026BE05 /* Main.storyboard in Resources */,
				D283DF592304BD18001299D7 /* TaxesViewController.xib in Resources */,
				D283DF552304BCD4001299D7 /* SettingsViewController.xib in Resources */,
			);
			runOnlyForDeploymentPostprocessing = 0;
		};
		D28F4C6F230484060026BE05 /* Resources */ = {
			isa = PBXResourcesBuildPhase;
			buildActionMask = 2147483647;
			files = (
			);
			runOnlyForDeploymentPostprocessing = 0;
		};
		D28F4C7A230484060026BE05 /* Resources */ = {
			isa = PBXResourcesBuildPhase;
			buildActionMask = 2147483647;
			files = (
			);
			runOnlyForDeploymentPostprocessing = 0;
		};
/* End PBXResourcesBuildPhase section */

/* Begin PBXSourcesBuildPhase section */
		D28F4C59230483FF0026BE05 /* Sources */ = {
			isa = PBXSourcesBuildPhase;
			buildActionMask = 2147483647;
			files = (
				D28F4C63230483FF0026BE05 /* ViewController.swift in Sources */,
				D283DF502304BCAF001299D7 /* BuyViewController.swift in Sources */,
				D283DF4D2304B95B001299D7 /* MainRouter.swift in Sources */,
				D2805E99230D99E300EE373E /* ExtensionUIViewController.swift in Sources */,
				D283DF582304BD18001299D7 /* TaxesViewController.swift in Sources */,
				D28F4C61230483FF0026BE05 /* AppDelegate.swift in Sources */,
				D283DF4A2304B876001299D7 /* MainRouterProtocol.swift in Sources */,
				D283DF542304BCD4001299D7 /* SettingsViewController.swift in Sources */,
				D2805E96230D93EF00EE373E /* TaxesCalculator.swift in Sources */,
			);
			runOnlyForDeploymentPostprocessing = 0;
		};
		D28F4C6D230484060026BE05 /* Sources */ = {
			isa = PBXSourcesBuildPhase;
			buildActionMask = 2147483647;
			files = (
				D28F4C76230484060026BE05 /* ComprasUSATests.swift in Sources */,
			);
			runOnlyForDeploymentPostprocessing = 0;
		};
		D28F4C78230484060026BE05 /* Sources */ = {
			isa = PBXSourcesBuildPhase;
			buildActionMask = 2147483647;
			files = (
				D28F4C81230484060026BE05 /* ComprasUSAUITests.swift in Sources */,
			);
			runOnlyForDeploymentPostprocessing = 0;
		};
/* End PBXSourcesBuildPhase section */

/* Begin PBXTargetDependency section */
		D28F4C73230484060026BE05 /* PBXTargetDependency */ = {
			isa = PBXTargetDependency;
			target = D28F4C5C230483FF0026BE05 /* ComprasUSA */;
			targetProxy = D28F4C72230484060026BE05 /* PBXContainerItemProxy */;
		};
		D28F4C7E230484060026BE05 /* PBXTargetDependency */ = {
			isa = PBXTargetDependency;
			target = D28F4C5C230483FF0026BE05 /* ComprasUSA */;
			targetProxy = D28F4C7D230484060026BE05 /* PBXContainerItemProxy */;
		};
/* End PBXTargetDependency section */

/* Begin PBXVariantGroup section */
		D28F4C64230483FF0026BE05 /* Main.storyboard */ = {
			isa = PBXVariantGroup;
			children = (
				D28F4C65230483FF0026BE05 /* Base */,
			);
			name = Main.storyboard;
			sourceTree = "<group>";
		};
		D28F4C69230484050026BE05 /* LaunchScreen.storyboard */ = {
			isa = PBXVariantGroup;
			children = (
				D28F4C6A230484050026BE05 /* Base */,
			);
			name = LaunchScreen.storyboard;
			sourceTree = "<group>";
		};
/* End PBXVariantGroup section */

/* Begin XCBuildConfiguration section */
		D28F4C83230484060026BE05 /* Debug */ = {
			isa = XCBuildConfiguration;
			buildSettings = {
				ALWAYS_SEARCH_USER_PATHS = NO;
				CLANG_ANALYZER_NONNULL = YES;
				CLANG_ANALYZER_NUMBER_OBJECT_CONVERSION = YES_AGGRESSIVE;
				CLANG_CXX_LANGUAGE_STANDARD = "gnu++14";
				CLANG_CXX_LIBRARY = "libc++";
				CLANG_ENABLE_MODULES = YES;
				CLANG_ENABLE_OBJC_ARC = YES;
				CLANG_ENABLE_OBJC_WEAK = YES;
				CLANG_WARN_BLOCK_CAPTURE_AUTORELEASING = YES;
				CLANG_WARN_BOOL_CONVERSION = YES;
				CLANG_WARN_COMMA = YES;
				CLANG_WARN_CONSTANT_CONVERSION = YES;
				CLANG_WARN_DEPRECATED_OBJC_IMPLEMENTATIONS = YES;
				CLANG_WARN_DIRECT_OBJC_ISA_USAGE = YES_ERROR;
				CLANG_WARN_DOCUMENTATION_COMMENTS = YES;
				CLANG_WARN_EMPTY_BODY = YES;
				CLANG_WARN_ENUM_CONVERSION = YES;
				CLANG_WARN_INFINITE_RECURSION = YES;
				CLANG_WARN_INT_CONVERSION = YES;
				CLANG_WARN_NON_LITERAL_NULL_CONVERSION = YES;
				CLANG_WARN_OBJC_IMPLICIT_RETAIN_SELF = YES;
				CLANG_WARN_OBJC_LITERAL_CONVERSION = YES;
				CLANG_WARN_OBJC_ROOT_CLASS = YES_ERROR;
				CLANG_WARN_RANGE_LOOP_ANALYSIS = YES;
				CLANG_WARN_STRICT_PROTOTYPES = YES;
				CLANG_WARN_SUSPICIOUS_MOVE = YES;
				CLANG_WARN_UNGUARDED_AVAILABILITY = YES_AGGRESSIVE;
				CLANG_WARN_UNREACHABLE_CODE = YES;
				CLANG_WARN__DUPLICATE_METHOD_MATCH = YES;
				CODE_SIGN_IDENTITY = "iPhone Developer";
				COPY_PHASE_STRIP = NO;
				DEBUG_INFORMATION_FORMAT = dwarf;
				ENABLE_STRICT_OBJC_MSGSEND = YES;
				ENABLE_TESTABILITY = YES;
				GCC_C_LANGUAGE_STANDARD = gnu11;
				GCC_DYNAMIC_NO_PIC = NO;
				GCC_NO_COMMON_BLOCKS = YES;
				GCC_OPTIMIZATION_LEVEL = 0;
				GCC_PREPROCESSOR_DEFINITIONS = (
					"DEBUG=1",
					"$(inherited)",
				);
				GCC_WARN_64_TO_32_BIT_CONVERSION = YES;
				GCC_WARN_ABOUT_RETURN_TYPE = YES_ERROR;
				GCC_WARN_UNDECLARED_SELECTOR = YES;
				GCC_WARN_UNINITIALIZED_AUTOS = YES_AGGRESSIVE;
				GCC_WARN_UNUSED_FUNCTION = YES;
				GCC_WARN_UNUSED_VARIABLE = YES;
				IPHONEOS_DEPLOYMENT_TARGET = 12.0;
				MTL_ENABLE_DEBUG_INFO = INCLUDE_SOURCE;
				MTL_FAST_MATH = YES;
				ONLY_ACTIVE_ARCH = YES;
				SDKROOT = iphoneos;
				SWIFT_ACTIVE_COMPILATION_CONDITIONS = DEBUG;
				SWIFT_OPTIMIZATION_LEVEL = "-Onone";
			};
			name = Debug;
		};
		D28F4C84230484060026BE05 /* Release */ = {
			isa = XCBuildConfiguration;
			buildSettings = {
				ALWAYS_SEARCH_USER_PATHS = NO;
				CLANG_ANALYZER_NONNULL = YES;
				CLANG_ANALYZER_NUMBER_OBJECT_CONVERSION = YES_AGGRESSIVE;
				CLANG_CXX_LANGUAGE_STANDARD = "gnu++14";
				CLANG_CXX_LIBRARY = "libc++";
				CLANG_ENABLE_MODULES = YES;
				CLANG_ENABLE_OBJC_ARC = YES;
				CLANG_ENABLE_OBJC_WEAK = YES;
				CLANG_WARN_BLOCK_CAPTURE_AUTORELEASING = YES;
				CLANG_WARN_BOOL_CONVERSION = YES;
				CLANG_WARN_COMMA = YES;
				CLANG_WARN_CONSTANT_CONVERSION = YES;
				CLANG_WARN_DEPRECATED_OBJC_IMPLEMENTATIONS = YES;
				CLANG_WARN_DIRECT_OBJC_ISA_USAGE = YES_ERROR;
				CLANG_WARN_DOCUMENTATION_COMMENTS = YES;
				CLANG_WARN_EMPTY_BODY = YES;
				CLANG_WARN_ENUM_CONVERSION = YES;
				CLANG_WARN_INFINITE_RECURSION = YES;
				CLANG_WARN_INT_CONVERSION = YES;
				CLANG_WARN_NON_LITERAL_NULL_CONVERSION = YES;
				CLANG_WARN_OBJC_IMPLICIT_RETAIN_SELF = YES;
				CLANG_WARN_OBJC_LITERAL_CONVERSION = YES;
				CLANG_WARN_OBJC_ROOT_CLASS = YES_ERROR;
				CLANG_WARN_RANGE_LOOP_ANALYSIS = YES;
				CLANG_WARN_STRICT_PROTOTYPES = YES;
				CLANG_WARN_SUSPICIOUS_MOVE = YES;
				CLANG_WARN_UNGUARDED_AVAILABILITY = YES_AGGRESSIVE;
				CLANG_WARN_UNREACHABLE_CODE = YES;
				CLANG_WARN__DUPLICATE_METHOD_MATCH = YES;
				CODE_SIGN_IDENTITY = "iPhone Developer";
				COPY_PHASE_STRIP = NO;
				DEBUG_INFORMATION_FORMAT = "dwarf-with-dsym";
				ENABLE_NS_ASSERTIONS = NO;
				ENABLE_STRICT_OBJC_MSGSEND = YES;
				GCC_C_LANGUAGE_STANDARD = gnu11;
				GCC_NO_COMMON_BLOCKS = YES;
				GCC_WARN_64_TO_32_BIT_CONVERSION = YES;
				GCC_WARN_ABOUT_RETURN_TYPE = YES_ERROR;
				GCC_WARN_UNDECLARED_SELECTOR = YES;
				GCC_WARN_UNINITIALIZED_AUTOS = YES_AGGRESSIVE;
				GCC_WARN_UNUSED_FUNCTION = YES;
				GCC_WARN_UNUSED_VARIABLE = YES;
				IPHONEOS_DEPLOYMENT_TARGET = 12.0;
				MTL_ENABLE_DEBUG_INFO = NO;
				MTL_FAST_MATH = YES;
				SDKROOT = iphoneos;
				SWIFT_COMPILATION_MODE = wholemodule;
				SWIFT_OPTIMIZATION_LEVEL = "-O";
				VALIDATE_PRODUCT = YES;
			};
			name = Release;
		};
		D28F4C86230484060026BE05 /* Debug */ = {
			isa = XCBuildConfiguration;
			buildSettings = {
				ASSETCATALOG_COMPILER_APPICON_NAME = AppIcon;
				CODE_SIGN_STYLE = Automatic;
				DEVELOPMENT_TEAM = 6G8JULRZR4;
				INFOPLIST_FILE = ComprasUSA/Info.plist;
				LD_RUNPATH_SEARCH_PATHS = (
					"$(inherited)",
					"@executable_path/Frameworks",
				);
				PRODUCT_BUNDLE_IDENTIFIER = br.com.aletlima.ComprasUSA;
				PRODUCT_NAME = "$(TARGET_NAME)";
				SWIFT_VERSION = 4.2;
				TARGETED_DEVICE_FAMILY = "1,2";
			};
			name = Debug;
		};
		D28F4C87230484060026BE05 /* Release */ = {
			isa = XCBuildConfiguration;
			buildSettings = {
				ASSETCATALOG_COMPILER_APPICON_NAME = AppIcon;
				CODE_SIGN_STYLE = Automatic;
				DEVELOPMENT_TEAM = 6G8JULRZR4;
				INFOPLIST_FILE = ComprasUSA/Info.plist;
				LD_RUNPATH_SEARCH_PATHS = (
					"$(inherited)",
					"@executable_path/Frameworks",
				);
				PRODUCT_BUNDLE_IDENTIFIER = br.com.aletlima.ComprasUSA;
				PRODUCT_NAME = "$(TARGET_NAME)";
				SWIFT_VERSION = 4.2;
				TARGETED_DEVICE_FAMILY = "1,2";
			};
			name = Release;
		};
		D28F4C89230484060026BE05 /* Debug */ = {
			isa = XCBuildConfiguration;
			buildSettings = {
				ALWAYS_EMBED_SWIFT_STANDARD_LIBRARIES = YES;
				BUNDLE_LOADER = "$(TEST_HOST)";
				CODE_SIGN_STYLE = Automatic;
				DEVELOPMENT_TEAM = 6G8JULRZR4;
				INFOPLIST_FILE = ComprasUSATests/Info.plist;
				LD_RUNPATH_SEARCH_PATHS = (
					"$(inherited)",
					"@executable_path/Frameworks",
					"@loader_path/Frameworks",
				);
				PRODUCT_BUNDLE_IDENTIFIER = br.com.aletlima.ComprasUSATests;
				PRODUCT_NAME = "$(TARGET_NAME)";
				SWIFT_VERSION = 4.2;
				TARGETED_DEVICE_FAMILY = "1,2";
				TEST_HOST = "$(BUILT_PRODUCTS_DIR)/ComprasUSA.app/ComprasUSA";
			};
			name = Debug;
		};
		D28F4C8A230484060026BE05 /* Release */ = {
			isa = XCBuildConfiguration;
			buildSettings = {
				ALWAYS_EMBED_SWIFT_STANDARD_LIBRARIES = YES;
				BUNDLE_LOADER = "$(TEST_HOST)";
				CODE_SIGN_STYLE = Automatic;
				DEVELOPMENT_TEAM = 6G8JULRZR4;
				INFOPLIST_FILE = ComprasUSATests/Info.plist;
				LD_RUNPATH_SEARCH_PATHS = (
					"$(inherited)",
					"@executable_path/Frameworks",
					"@loader_path/Frameworks",
				);
				PRODUCT_BUNDLE_IDENTIFIER = br.com.aletlima.ComprasUSATests;
				PRODUCT_NAME = "$(TARGET_NAME)";
				SWIFT_VERSION = 4.2;
				TARGETED_DEVICE_FAMILY = "1,2";
				TEST_HOST = "$(BUILT_PRODUCTS_DIR)/ComprasUSA.app/ComprasUSA";
			};
			name = Release;
		};
		D28F4C8C230484060026BE05 /* Debug */ = {
			isa = XCBuildConfiguration;
			buildSettings = {
				ALWAYS_EMBED_SWIFT_STANDARD_LIBRARIES = YES;
				CODE_SIGN_STYLE = Automatic;
				DEVELOPMENT_TEAM = 6G8JULRZR4;
				INFOPLIST_FILE = ComprasUSAUITests/Info.plist;
				LD_RUNPATH_SEARCH_PATHS = (
					"$(inherited)",
					"@executable_path/Frameworks",
					"@loader_path/Frameworks",
				);
				PRODUCT_BUNDLE_IDENTIFIER = br.com.aletlima.ComprasUSAUITests;
				PRODUCT_NAME = "$(TARGET_NAME)";
				SWIFT_VERSION = 4.2;
				TARGETED_DEVICE_FAMILY = "1,2";
				TEST_TARGET_NAME = ComprasUSA;
			};
			name = Debug;
		};
		D28F4C8D230484060026BE05 /* Release */ = {
			isa = XCBuildConfiguration;
			buildSettings = {
				ALWAYS_EMBED_SWIFT_STANDARD_LIBRARIES = YES;
				CODE_SIGN_STYLE = Automatic;
				DEVELOPMENT_TEAM = 6G8JULRZR4;
				INFOPLIST_FILE = ComprasUSAUITests/Info.plist;
				LD_RUNPATH_SEARCH_PATHS = (
					"$(inherited)",
					"@executable_path/Frameworks",
					"@loader_path/Frameworks",
				);
				PRODUCT_BUNDLE_IDENTIFIER = br.com.aletlima.ComprasUSAUITests;
				PRODUCT_NAME = "$(TARGET_NAME)";
				SWIFT_VERSION = 4.2;
				TARGETED_DEVICE_FAMILY = "1,2";
				TEST_TARGET_NAME = ComprasUSA;
			};
			name = Release;
		};
/* End XCBuildConfiguration section */

/* Begin XCConfigurationList section */
		D28F4C58230483FF0026BE05 /* Build configuration list for PBXProject "ComprasUSA" */ = {
			isa = XCConfigurationList;
			buildConfigurations = (
				D28F4C83230484060026BE05 /* Debug */,
				D28F4C84230484060026BE05 /* Release */,
			);
			defaultConfigurationIsVisible = 0;
			defaultConfigurationName = Release;
		};
		D28F4C85230484060026BE05 /* Build configuration list for PBXNativeTarget "ComprasUSA" */ = {
			isa = XCConfigurationList;
			buildConfigurations = (
				D28F4C86230484060026BE05 /* Debug */,
				D28F4C87230484060026BE05 /* Release */,
			);
			defaultConfigurationIsVisible = 0;
			defaultConfigurationName = Release;
		};
		D28F4C88230484060026BE05 /* Build configuration list for PBXNativeTarget "ComprasUSATests" */ = {
			isa = XCConfigurationList;
			buildConfigurations = (
				D28F4C89230484060026BE05 /* Debug */,
				D28F4C8A230484060026BE05 /* Release */,
			);
			defaultConfigurationIsVisible = 0;
			defaultConfigurationName = Release;
		};
		D28F4C8B230484060026BE05 /* Build configuration list for PBXNativeTarget "ComprasUSAUITests" */ = {
			isa = XCConfigurationList;
			buildConfigurations = (
				D28F4C8C230484060026BE05 /* Debug */,
				D28F4C8D230484060026BE05 /* Release */,
			);
			defaultConfigurationIsVisible = 0;
			defaultConfigurationName = Release;
		};
/* End XCConfigurationList section */
	};
	rootObject = D28F4C55230483FF0026BE05 /* Project object */;
}
